
Microsoft Visual Studio Solution File, Format Version 12.00
# Visual Studio Version 16
VisualStudioVersion = 16.0.34114.132
MinimumVisualStudioVersion = 10.0.40219.1
Project("{FAE04EC0-301F-11D3-BF4B-00C04F79EFBC}") = "Calcular.Investimento.WebApi", "Calcular.Investimento.WebApi\Calcular.Investimento.WebApi.csproj", "{C34D5D55-80FD-4442-AEA4-1C2A6E3E012A}"
EndProject
Project("{FAE04EC0-301F-11D3-BF4B-00C04F79EFBC}") = "Calcular.Investimento.Core", "Calcular.Investimento.Core\Calcular.Investimento.Core.csproj", "{43CD7FA5-6E91-4579-A9E3-1C60544676FF}"
EndProject
Project("{FAE04EC0-301F-11D3-BF4B-00C04F79EFBC}") = "Calcular.Investimento.Domain", "Calcular.Investimento.Domain\Calcular.Investimento.Domain.csproj", "{A5B87E3E-6C43-4604-9FDB-A7131E25CB7E}"
EndProject
Project("{9A19103F-16F7-4668-BE54-9A1E7A4F7556}") = "Calcular.Investimento.Test", "Calcular.Investimento.Test\Calcular.Investimento.Test.csproj", "{1655A22B-CD80-4846-8291-BD4D0450EEF9}"
EndProject
Project("{E24C65DC-7377-472B-9ABA-BC803B73C61A}") = "Calculo.CDB.UI", "Calculo.CDB.UI\", "{B0EAABBC-7AA6-43DA-BC5A-E30E1A1608BF}"
	ProjectSection(WebsiteProperties) = preProject
		TargetFrameworkMoniker = ".NETFramework,Version%3Dv4.0"
		Debug.AspNetCompiler.VirtualPath = "/localhost_58458"
		Debug.AspNetCompiler.PhysicalPath = "Calculo.CDB.UI\"
		Debug.AspNetCompiler.TargetPath = "PrecompiledWeb\localhost_58458\"
		Debug.AspNetCompiler.Updateable = "true"
		Debug.AspNetCompiler.ForceOverwrite = "true"
		Debug.AspNetCompiler.FixedNames = "false"
		Debug.AspNetCompiler.Debug = "True"
		Release.AspNetCompiler.VirtualPath = "/localhost_58458"
		Release.AspNetCompiler.PhysicalPath = "Calculo.CDB.UI\"
		Release.AspNetCompiler.TargetPath = "PrecompiledWeb\localhost_58458\"
		Release.AspNetCompiler.Updateable = "true"
		Release.AspNetCompiler.ForceOverwrite = "true"
		Release.AspNetCompiler.FixedNames = "false"
		Release.AspNetCompiler.Debug = "False"
		VWDPort = "58458"
		SlnRelativePath = "Calculo.CDB.UI\"
	EndProjectSection
EndProject
Global
	GlobalSection(SolutionConfigurationPlatforms) = preSolution
		Debug|Any CPU = Debug|Any CPU
		Release|Any CPU = Release|Any CPU
	EndGlobalSection
	GlobalSection(ProjectConfigurationPlatforms) = postSolution
		{C34D5D55-80FD-4442-AEA4-1C2A6E3E012A}.Debug|Any CPU.ActiveCfg = Debug|Any CPU
		{C34D5D55-80FD-4442-AEA4-1C2A6E3E012A}.Debug|Any CPU.Build.0 = Debug|Any CPU
		{C34D5D55-80FD-4442-AEA4-1C2A6E3E012A}.Release|Any CPU.ActiveCfg = Release|Any CPU
		{C34D5D55-80FD-4442-AEA4-1C2A6E3E012A}.Release|Any CPU.Build.0 = Release|Any CPU
		{43CD7FA5-6E91-4579-A9E3-1C60544676FF}.Debug|Any CPU.ActiveCfg = Debug|Any CPU
		{43CD7FA5-6E91-4579-A9E3-1C60544676FF}.Debug|Any CPU.Build.0 = Debug|Any CPU
		{43CD7FA5-6E91-4579-A9E3-1C60544676FF}.Release|Any CPU.ActiveCfg = Release|Any CPU
		{43CD7FA5-6E91-4579-A9E3-1C60544676FF}.Release|Any CPU.Build.0 = Release|Any CPU
		{A5B87E3E-6C43-4604-9FDB-A7131E25CB7E}.Debug|Any CPU.ActiveCfg = Debug|Any CPU
		{A5B87E3E-6C43-4604-9FDB-A7131E25CB7E}.Debug|Any CPU.Build.0 = Debug|Any CPU
		{A5B87E3E-6C43-4604-9FDB-A7131E25CB7E}.Release|Any CPU.ActiveCfg = Release|Any CPU
		{A5B87E3E-6C43-4604-9FDB-A7131E25CB7E}.Release|Any CPU.Build.0 = Release|Any CPU
		{1655A22B-CD80-4846-8291-BD4D0450EEF9}.Debug|Any CPU.ActiveCfg = Debug|Any CPU
		{1655A22B-CD80-4846-8291-BD4D0450EEF9}.Debug|Any CPU.Build.0 = Debug|Any CPU
		{1655A22B-CD80-4846-8291-BD4D0450EEF9}.Release|Any CPU.ActiveCfg = Release|Any CPU
		{1655A22B-CD80-4846-8291-BD4D0450EEF9}.Release|Any CPU.Build.0 = Release|Any CPU
		{B0EAABBC-7AA6-43DA-BC5A-E30E1A1608BF}.Debug|Any CPU.ActiveCfg = Debug|Any CPU
		{B0EAABBC-7AA6-43DA-BC5A-E30E1A1608BF}.Debug|Any CPU.Build.0 = Debug|Any CPU
		{B0EAABBC-7AA6-43DA-BC5A-E30E1A1608BF}.Release|Any CPU.ActiveCfg = Debug|Any CPU
		{B0EAABBC-7AA6-43DA-BC5A-E30E1A1608BF}.Release|Any CPU.Build.0 = Debug|Any CPU
	EndGlobalSection
	GlobalSection(SolutionProperties) = preSolution
		HideSolutionNode = FALSE
	EndGlobalSection
	GlobalSection(ExtensibilityGlobals) = postSolution
		SolutionGuid = {EA2BD800-C48C-46D0-949B-8964BFD9739E}
	EndGlobalSection
EndGlobal
